// !$*UTF8*$!
{
	archiveVersion = 1;
	classes = {
	};
	objectVersion = 55;
	objects = {

/* Begin PBXBuildFile section */
		BF300D9327E36C04008F11D6 /* SettingsView.swift in Sources */ = {isa = PBXBuildFile; fileRef = BF300D9227E36C04008F11D6 /* SettingsView.swift */; };
		BF300D9527E41648008F11D6 /* ActivityApi.swift in Sources */ = {isa = PBXBuildFile; fileRef = BF300D9427E41648008F11D6 /* ActivityApi.swift */; };
		BF300D9627E41648008F11D6 /* ActivityApi.swift in Sources */ = {isa = PBXBuildFile; fileRef = BF300D9427E41648008F11D6 /* ActivityApi.swift */; };
		BF300D9827E45D33008F11D6 /* Activity.swift in Sources */ = {isa = PBXBuildFile; fileRef = BF300D9727E45D33008F11D6 /* Activity.swift */; };
		BF300D9927E45D33008F11D6 /* Activity.swift in Sources */ = {isa = PBXBuildFile; fileRef = BF300D9727E45D33008F11D6 /* Activity.swift */; };
		BF94B18B27F6D225000B1EA8 /* Empty.swift in Sources */ = {isa = PBXBuildFile; fileRef = BF94B18A27F6D225000B1EA8 /* Empty.swift */; };
		BF94B18C27F6D225000B1EA8 /* Empty.swift in Sources */ = {isa = PBXBuildFile; fileRef = BF94B18A27F6D225000B1EA8 /* Empty.swift */; };
		BFC036EF27DCAE530097C274 /* iLegymApp.swift in Sources */ = {isa = PBXBuildFile; fileRef = BFC036DF27DCAE510097C274 /* iLegymApp.swift */; };
		BFC036F027DCAE530097C274 /* iLegymApp.swift in Sources */ = {isa = PBXBuildFile; fileRef = BFC036DF27DCAE510097C274 /* iLegymApp.swift */; };
		BFC036F127DCAE530097C274 /* ContentView.swift in Sources */ = {isa = PBXBuildFile; fileRef = BFC036E027DCAE510097C274 /* ContentView.swift */; };
		BFC036F227DCAE530097C274 /* ContentView.swift in Sources */ = {isa = PBXBuildFile; fileRef = BFC036E027DCAE510097C274 /* ContentView.swift */; };
		BFC036F327DCAE530097C274 /* Assets.xcassets in Resources */ = {isa = PBXBuildFile; fileRef = BFC036E127DCAE530097C274 /* Assets.xcassets */; };
		BFC036F427DCAE530097C274 /* Assets.xcassets in Resources */ = {isa = PBXBuildFile; fileRef = BFC036E127DCAE530097C274 /* Assets.xcassets */; };
		BFC036FE27DCAF190097C274 /* LoginView.swift in Sources */ = {isa = PBXBuildFile; fileRef = BFC036FD27DCAF190097C274 /* LoginView.swift */; };
		BFC0370327DCB6450097C274 /* LoginView_macOS.swift in Sources */ = {isa = PBXBuildFile; fileRef = BFC0370227DCB6450097C274 /* LoginView_macOS.swift */; };
		BFC0370927DCCFB40097C274 /* DeviceRecognizer.swift in Sources */ = {isa = PBXBuildFile; fileRef = BFC0370727DCCFAA0097C274 /* DeviceRecognizer.swift */; };
		BFC0370C27DCD27C0097C274 /* RootView.swift in Sources */ = {isa = PBXBuildFile; fileRef = BFC0370A27DCD2790097C274 /* RootView.swift */; };
		BFC0370F27DCD3030097C274 /* DailyActivitiesView.swift in Sources */ = {isa = PBXBuildFile; fileRef = BFC0370E27DCD3030097C274 /* DailyActivitiesView.swift */; };
		BFC0371127DCD3210097C274 /* RunningView.swift in Sources */ = {isa = PBXBuildFile; fileRef = BFC0371027DCD3210097C274 /* RunningView.swift */; };
		BFC0371327DCD3FF0097C274 /* TapticSupports.swift in Sources */ = {isa = PBXBuildFile; fileRef = BFC0371227DCD3FF0097C274 /* TapticSupports.swift */; };
		BFC0371627DCD4FC0097C274 /* HttpMethod.swift in Sources */ = {isa = PBXBuildFile; fileRef = BFC0371527DCD4FC0097C274 /* HttpMethod.swift */; };
		BFC0371727DCD4FC0097C274 /* HttpMethod.swift in Sources */ = {isa = PBXBuildFile; fileRef = BFC0371527DCD4FC0097C274 /* HttpMethod.swift */; };
		BFC0371927DCD5460097C274 /* NetworkReachability.swift in Sources */ = {isa = PBXBuildFile; fileRef = BFC0371827DCD5460097C274 /* NetworkReachability.swift */; };
		BFC0371A27DCD5460097C274 /* NetworkReachability.swift in Sources */ = {isa = PBXBuildFile; fileRef = BFC0371827DCD5460097C274 /* NetworkReachability.swift */; };
		BFC0371D27DCD7560097C274 /* Error.swift in Sources */ = {isa = PBXBuildFile; fileRef = BFC0371C27DCD7560097C274 /* Error.swift */; };
		BFC0371E27DCD7560097C274 /* Error.swift in Sources */ = {isa = PBXBuildFile; fileRef = BFC0371C27DCD7560097C274 /* Error.swift */; };
		BFC0372027DCE3990097C274 /* LoginApi.swift in Sources */ = {isa = PBXBuildFile; fileRef = BFC0371F27DCE3990097C274 /* LoginApi.swift */; };
		BFC0372127DCE3990097C274 /* LoginApi.swift in Sources */ = {isa = PBXBuildFile; fileRef = BFC0371F27DCE3990097C274 /* LoginApi.swift */; };
		BFC0372327DCE45C0097C274 /* UserLogin.swift in Sources */ = {isa = PBXBuildFile; fileRef = BFC0372227DCE45C0097C274 /* UserLogin.swift */; };
		BFC0372427DCE45C0097C274 /* UserLogin.swift in Sources */ = {isa = PBXBuildFile; fileRef = BFC0372227DCE45C0097C274 /* UserLogin.swift */; };
		BFC0372627DE0E710097C274 /* ScreenWH.swift in Sources */ = {isa = PBXBuildFile; fileRef = BFC0372527DE0E710097C274 /* ScreenWH.swift */; };
/* End PBXBuildFile section */

/* Begin PBXCopyFilesBuildPhase section */
		BFC0370427DCCE020097C274 /* CopyFiles */ = {
			isa = PBXCopyFilesBuildPhase;
			buildActionMask = 2147483647;
			dstPath = "";
			dstSubfolderSpec = 7;
			files = (
			);
			runOnlyForDeploymentPostprocessing = 0;
		};
/* End PBXCopyFilesBuildPhase section */

/* Begin PBXFileReference section */
		BF300D9127E35FF9008F11D6 /* README.md */ = {isa = PBXFileReference; lastKnownFileType = net.daringfireball.markdown; path = README.md; sourceTree = "<group>"; };
		BF300D9227E36C04008F11D6 /* SettingsView.swift */ = {isa = PBXFileReference; lastKnownFileType = sourcecode.swift; path = SettingsView.swift; sourceTree = "<group>"; };
		BF300D9427E41648008F11D6 /* ActivityApi.swift */ = {isa = PBXFileReference; lastKnownFileType = sourcecode.swift; path = ActivityApi.swift; sourceTree = "<group>"; };
		BF300D9727E45D33008F11D6 /* Activity.swift */ = {isa = PBXFileReference; lastKnownFileType = sourcecode.swift; path = Activity.swift; sourceTree = "<group>"; };
		BF94B18A27F6D225000B1EA8 /* Empty.swift */ = {isa = PBXFileReference; lastKnownFileType = sourcecode.swift; path = Empty.swift; sourceTree = "<group>"; };
		BFC036DF27DCAE510097C274 /* iLegymApp.swift */ = {isa = PBXFileReference; lastKnownFileType = sourcecode.swift; path = iLegymApp.swift; sourceTree = "<group>"; };
		BFC036E027DCAE510097C274 /* ContentView.swift */ = {isa = PBXFileReference; lastKnownFileType = sourcecode.swift; path = ContentView.swift; sourceTree = "<group>"; };
		BFC036E127DCAE530097C274 /* Assets.xcassets */ = {isa = PBXFileReference; lastKnownFileType = folder.assetcatalog; path = Assets.xcassets; sourceTree = "<group>"; };
		BFC036E627DCAE530097C274 /* iLegym.app */ = {isa = PBXFileReference; explicitFileType = wrapper.application; includeInIndex = 0; path = iLegym.app; sourceTree = BUILT_PRODUCTS_DIR; };
		BFC036EC27DCAE530097C274 /* iLegym.app */ = {isa = PBXFileReference; explicitFileType = wrapper.application; includeInIndex = 0; path = iLegym.app; sourceTree = BUILT_PRODUCTS_DIR; };
		BFC036EE27DCAE530097C274 /* macOS.entitlements */ = {isa = PBXFileReference; lastKnownFileType = text.plist.entitlements; path = macOS.entitlements; sourceTree = "<group>"; };
		BFC036FD27DCAF190097C274 /* LoginView.swift */ = {isa = PBXFileReference; lastKnownFileType = sourcecode.swift; path = LoginView.swift; sourceTree = "<group>"; };
		BFC0370227DCB6450097C274 /* LoginView_macOS.swift */ = {isa = PBXFileReference; lastKnownFileType = sourcecode.swift; path = LoginView_macOS.swift; sourceTree = "<group>"; };
		BFC0370727DCCFAA0097C274 /* DeviceRecognizer.swift */ = {isa = PBXFileReference; lastKnownFileType = sourcecode.swift; path = DeviceRecognizer.swift; sourceTree = "<group>"; };
		BFC0370A27DCD2790097C274 /* RootView.swift */ = {isa = PBXFileReference; lastKnownFileType = sourcecode.swift; path = RootView.swift; sourceTree = "<group>"; };
		BFC0370E27DCD3030097C274 /* DailyActivitiesView.swift */ = {isa = PBXFileReference; lastKnownFileType = sourcecode.swift; path = DailyActivitiesView.swift; sourceTree = "<group>"; };
		BFC0371027DCD3210097C274 /* RunningView.swift */ = {isa = PBXFileReference; lastKnownFileType = sourcecode.swift; path = RunningView.swift; sourceTree = "<group>"; };
		BFC0371227DCD3FF0097C274 /* TapticSupports.swift */ = {isa = PBXFileReference; lastKnownFileType = sourcecode.swift; path = TapticSupports.swift; sourceTree = "<group>"; };
		BFC0371527DCD4FC0097C274 /* HttpMethod.swift */ = {isa = PBXFileReference; lastKnownFileType = sourcecode.swift; path = HttpMethod.swift; sourceTree = "<group>"; };
		BFC0371827DCD5460097C274 /* NetworkReachability.swift */ = {isa = PBXFileReference; lastKnownFileType = sourcecode.swift; path = NetworkReachability.swift; sourceTree = "<group>"; };
		BFC0371C27DCD7560097C274 /* Error.swift */ = {isa = PBXFileReference; lastKnownFileType = sourcecode.swift; path = Error.swift; sourceTree = "<group>"; };
		BFC0371F27DCE3990097C274 /* LoginApi.swift */ = {isa = PBXFileReference; lastKnownFileType = sourcecode.swift; path = LoginApi.swift; sourceTree = "<group>"; };
		BFC0372227DCE45C0097C274 /* UserLogin.swift */ = {isa = PBXFileReference; lastKnownFileType = sourcecode.swift; path = UserLogin.swift; sourceTree = "<group>"; };
		BFC0372527DE0E710097C274 /* ScreenWH.swift */ = {isa = PBXFileReference; lastKnownFileType = sourcecode.swift; path = ScreenWH.swift; sourceTree = "<group>"; };
/* End PBXFileReference section */

/* Begin PBXFrameworksBuildPhase section */
		BFC036E327DCAE530097C274 /* Frameworks */ = {
			isa = PBXFrameworksBuildPhase;
			buildActionMask = 2147483647;
			files = (
			);
			runOnlyForDeploymentPostprocessing = 0;
		};
		BFC036E927DCAE530097C274 /* Frameworks */ = {
			isa = PBXFrameworksBuildPhase;
			buildActionMask = 2147483647;
			files = (
			);
			runOnlyForDeploymentPostprocessing = 0;
		};
/* End PBXFrameworksBuildPhase section */

/* Begin PBXGroup section */
		BFC036D927DCAE510097C274 = {
			isa = PBXGroup;
			children = (
				BF300D9127E35FF9008F11D6 /* README.md */,
				BFC0371427DCD4E10097C274 /* HttpRequest */,
				BFC0371B27DCD73D0097C274 /* Models */,
				BFC0370627DCCE5D0097C274 /* Utilities */,
				BFC036DE27DCAE510097C274 /* Shared */,
				BFC0370127DCB5F50097C274 /* iOS */,
				BFC036ED27DCAE530097C274 /* macOS */,
				BFC036E727DCAE530097C274 /* Products */,
			);
			sourceTree = "<group>";
		};
		BFC036DE27DCAE510097C274 /* Shared */ = {
			isa = PBXGroup;
			children = (
				BFC036DF27DCAE510097C274 /* iLegymApp.swift */,
				BFC036E027DCAE510097C274 /* ContentView.swift */,
				BFC036E127DCAE530097C274 /* Assets.xcassets */,
			);
			path = Shared;
			sourceTree = "<group>";
		};
		BFC036E727DCAE530097C274 /* Products */ = {
			isa = PBXGroup;
			children = (
				BFC036E627DCAE530097C274 /* iLegym.app */,
				BFC036EC27DCAE530097C274 /* iLegym.app */,
			);
			name = Products;
			sourceTree = "<group>";
		};
		BFC036ED27DCAE530097C274 /* macOS */ = {
			isa = PBXGroup;
			children = (
				BFC0370227DCB6450097C274 /* LoginView_macOS.swift */,
				BFC036EE27DCAE530097C274 /* macOS.entitlements */,
			);
			path = macOS;
			sourceTree = "<group>";
		};
		BFC0370127DCB5F50097C274 /* iOS */ = {
			isa = PBXGroup;
			children = (
				BFC036FD27DCAF190097C274 /* LoginView.swift */,
				BFC0370A27DCD2790097C274 /* RootView.swift */,
				BFC0370D27DCD2890097C274 /* HomeViews */,
			);
			path = iOS;
			sourceTree = "<group>";
		};
		BFC0370627DCCE5D0097C274 /* Utilities */ = {
			isa = PBXGroup;
			children = (
				BFC0370727DCCFAA0097C274 /* DeviceRecognizer.swift */,
				BFC0371227DCD3FF0097C274 /* TapticSupports.swift */,
				BFC0371827DCD5460097C274 /* NetworkReachability.swift */,
				BFC0372527DE0E710097C274 /* ScreenWH.swift */,
			);
			path = Utilities;
			sourceTree = "<group>";
		};
		BFC0370D27DCD2890097C274 /* HomeViews */ = {
			isa = PBXGroup;
			children = (
				BFC0370E27DCD3030097C274 /* DailyActivitiesView.swift */,
				BFC0371027DCD3210097C274 /* RunningView.swift */,
				BF300D9227E36C04008F11D6 /* SettingsView.swift */,
			);
			path = HomeViews;
			sourceTree = "<group>";
		};
		BFC0371427DCD4E10097C274 /* HttpRequest */ = {
			isa = PBXGroup;
			children = (
				BFC0371527DCD4FC0097C274 /* HttpMethod.swift */,
				BFC0371F27DCE3990097C274 /* LoginApi.swift */,
				BF300D9427E41648008F11D6 /* ActivityApi.swift */,
			);
			path = HttpRequest;
			sourceTree = "<group>";
		};
		BFC0371B27DCD73D0097C274 /* Models */ = {
			isa = PBXGroup;
			children = (
				BFC0371C27DCD7560097C274 /* Error.swift */,
				BFC0372227DCE45C0097C274 /* UserLogin.swift */,
				BF300D9727E45D33008F11D6 /* Activity.swift */,
				BF94B18A27F6D225000B1EA8 /* Empty.swift */,
			);
			path = Models;
			sourceTree = "<group>";
		};
/* End PBXGroup section */

/* Begin PBXNativeTarget section */
		BFC036E527DCAE530097C274 /* iLegym (iOS) */ = {
			isa = PBXNativeTarget;
			buildConfigurationList = BFC036F727DCAE530097C274 /* Build configuration list for PBXNativeTarget "iLegym (iOS)" */;
			buildPhases = (
				BFC036E227DCAE530097C274 /* Sources */,
				BFC036E327DCAE530097C274 /* Frameworks */,
				BFC036E427DCAE530097C274 /* Resources */,
				BFC0370427DCCE020097C274 /* CopyFiles */,
				BFC0370527DCCE0A0097C274 /* ShellScript */,
			);
			buildRules = (
			);
			dependencies = (
			);
			name = "iLegym (iOS)";
			productName = "iLegym (iOS)";
			productReference = BFC036E627DCAE530097C274 /* iLegym.app */;
			productType = "com.apple.product-type.application";
		};
		BFC036EB27DCAE530097C274 /* iLegym (macOS) */ = {
			isa = PBXNativeTarget;
			buildConfigurationList = BFC036FA27DCAE530097C274 /* Build configuration list for PBXNativeTarget "iLegym (macOS)" */;
			buildPhases = (
				BFC036E827DCAE530097C274 /* Sources */,
				BFC036E927DCAE530097C274 /* Frameworks */,
				BFC036EA27DCAE530097C274 /* Resources */,
			);
			buildRules = (
			);
			dependencies = (
			);
			name = "iLegym (macOS)";
			productName = "iLegym (macOS)";
			productReference = BFC036EC27DCAE530097C274 /* iLegym.app */;
			productType = "com.apple.product-type.application";
		};
/* End PBXNativeTarget section */

/* Begin PBXProject section */
		BFC036DA27DCAE510097C274 /* Project object */ = {
			isa = PBXProject;
			attributes = {
				BuildIndependentTargetsInParallel = 1;
				LastSwiftUpdateCheck = 1320;
				LastUpgradeCheck = 1320;
				TargetAttributes = {
					BFC036E527DCAE530097C274 = {
						CreatedOnToolsVersion = 13.2.1;
					};
					BFC036EB27DCAE530097C274 = {
						CreatedOnToolsVersion = 13.2.1;
					};
				};
			};
			buildConfigurationList = BFC036DD27DCAE510097C274 /* Build configuration list for PBXProject "iLegym" */;
			compatibilityVersion = "Xcode 13.0";
			developmentRegion = en;
			hasScannedForEncodings = 0;
			knownRegions = (
				en,
				Base,
			);
			mainGroup = BFC036D927DCAE510097C274;
			productRefGroup = BFC036E727DCAE530097C274 /* Products */;
			projectDirPath = "";
			projectRoot = "";
			targets = (
				BFC036E527DCAE530097C274 /* iLegym (iOS) */,
				BFC036EB27DCAE530097C274 /* iLegym (macOS) */,
			);
		};
/* End PBXProject section */

/* Begin PBXResourcesBuildPhase section */
		BFC036E427DCAE530097C274 /* Resources */ = {
			isa = PBXResourcesBuildPhase;
			buildActionMask = 2147483647;
			files = (
				BFC036F327DCAE530097C274 /* Assets.xcassets in Resources */,
			);
			runOnlyForDeploymentPostprocessing = 0;
		};
		BFC036EA27DCAE530097C274 /* Resources */ = {
			isa = PBXResourcesBuildPhase;
			buildActionMask = 2147483647;
			files = (
				BFC036F427DCAE530097C274 /* Assets.xcassets in Resources */,
			);
			runOnlyForDeploymentPostprocessing = 0;
		};
/* End PBXResourcesBuildPhase section */

/* Begin PBXShellScriptBuildPhase section */
		BFC0370527DCCE0A0097C274 /* ShellScript */ = {
			isa = PBXShellScriptBuildPhase;
			buildActionMask = 2147483647;
			files = (
			);
			inputFileListPaths = (
			);
			inputPaths = (
			);
			outputFileListPaths = (
			);
			outputPaths = (
			);
			runOnlyForDeploymentPostprocessing = 0;
			shellPath = /bin/sh;
			shellScript = "# Type a script or drag a script file from your workspace to insert its path.\nxcrun agvtool next-version -all\n";
		};
/* End PBXShellScriptBuildPhase section */

/* Begin PBXSourcesBuildPhase section */
		BFC036E227DCAE530097C274 /* Sources */ = {
			isa = PBXSourcesBuildPhase;
			buildActionMask = 2147483647;
			files = (
				BF300D9827E45D33008F11D6 /* Activity.swift in Sources */,
				BF300D9327E36C04008F11D6 /* SettingsView.swift in Sources */,
				BFC036FE27DCAF190097C274 /* LoginView.swift in Sources */,
				BFC0370927DCCFB40097C274 /* DeviceRecognizer.swift in Sources */,
				BF300D9527E41648008F11D6 /* ActivityApi.swift in Sources */,
				BF94B18B27F6D225000B1EA8 /* Empty.swift in Sources */,
				BFC036F127DCAE530097C274 /* ContentView.swift in Sources */,
				BFC0371D27DCD7560097C274 /* Error.swift in Sources */,
				BFC0372627DE0E710097C274 /* ScreenWH.swift in Sources */,
				BFC036EF27DCAE530097C274 /* iLegymApp.swift in Sources */,
				BFC0371627DCD4FC0097C274 /* HttpMethod.swift in Sources */,
				BFC0372027DCE3990097C274 /* LoginApi.swift in Sources */,
				BFC0372327DCE45C0097C274 /* UserLogin.swift in Sources */,
				BFC0371327DCD3FF0097C274 /* TapticSupports.swift in Sources */,
				BFC0370C27DCD27C0097C274 /* RootView.swift in Sources */,
				BFC0371127DCD3210097C274 /* RunningView.swift in Sources */,
				BFC0370F27DCD3030097C274 /* DailyActivitiesView.swift in Sources */,
				BFC0371927DCD5460097C274 /* NetworkReachability.swift in Sources */,
			);
			runOnlyForDeploymentPostprocessing = 0;
		};
		BFC036E827DCAE530097C274 /* Sources */ = {
			isa = PBXSourcesBuildPhase;
			buildActionMask = 2147483647;
			files = (
				BF300D9927E45D33008F11D6 /* Activity.swift in Sources */,
				BFC0371727DCD4FC0097C274 /* HttpMethod.swift in Sources */,
				BF300D9627E41648008F11D6 /* ActivityApi.swift in Sources */,
				BFC036F227DCAE530097C274 /* ContentView.swift in Sources */,
				BFC0372427DCE45C0097C274 /* UserLogin.swift in Sources */,
				BFC0370327DCB6450097C274 /* LoginView_macOS.swift in Sources */,
				BFC036F027DCAE530097C274 /* iLegymApp.swift in Sources */,
				BF94B18C27F6D225000B1EA8 /* Empty.swift in Sources */,
				BFC0371E27DCD7560097C274 /* Error.swift in Sources */,
				BFC0372127DCE3990097C274 /* LoginApi.swift in Sources */,
				BFC0371A27DCD5460097C274 /* NetworkReachability.swift in Sources */,
			);
			runOnlyForDeploymentPostprocessing = 0;
		};
/* End PBXSourcesBuildPhase section */

/* Begin XCBuildConfiguration section */
		BFC036F527DCAE530097C274 /* Debug */ = {
			isa = XCBuildConfiguration;
			buildSettings = {
				ALWAYS_SEARCH_USER_PATHS = NO;
				CLANG_ANALYZER_NONNULL = YES;
				CLANG_ANALYZER_NUMBER_OBJECT_CONVERSION = YES_AGGRESSIVE;
				CLANG_CXX_LANGUAGE_STANDARD = "gnu++17";
				CLANG_CXX_LIBRARY = "libc++";
				CLANG_ENABLE_MODULES = YES;
				CLANG_ENABLE_OBJC_ARC = YES;
				CLANG_ENABLE_OBJC_WEAK = YES;
				CLANG_WARN_BLOCK_CAPTURE_AUTORELEASING = YES;
				CLANG_WARN_BOOL_CONVERSION = YES;
				CLANG_WARN_COMMA = YES;
				CLANG_WARN_CONSTANT_CONVERSION = YES;
				CLANG_WARN_DEPRECATED_OBJC_IMPLEMENTATIONS = YES;
				CLANG_WARN_DIRECT_OBJC_ISA_USAGE = YES_ERROR;
				CLANG_WARN_DOCUMENTATION_COMMENTS = YES;
				CLANG_WARN_EMPTY_BODY = YES;
				CLANG_WARN_ENUM_CONVERSION = YES;
				CLANG_WARN_INFINITE_RECURSION = YES;
				CLANG_WARN_INT_CONVERSION = YES;
				CLANG_WARN_NON_LITERAL_NULL_CONVERSION = YES;
				CLANG_WARN_OBJC_IMPLICIT_RETAIN_SELF = YES;
				CLANG_WARN_OBJC_LITERAL_CONVERSION = YES;
				CLANG_WARN_OBJC_ROOT_CLASS = YES_ERROR;
				CLANG_WARN_QUOTED_INCLUDE_IN_FRAMEWORK_HEADER = YES;
				CLANG_WARN_RANGE_LOOP_ANALYSIS = YES;
				CLANG_WARN_STRICT_PROTOTYPES = YES;
				CLANG_WARN_SUSPICIOUS_MOVE = YES;
				CLANG_WARN_UNGUARDED_AVAILABILITY = YES_AGGRESSIVE;
				CLANG_WARN_UNREACHABLE_CODE = YES;
				CLANG_WARN__DUPLICATE_METHOD_MATCH = YES;
				COPY_PHASE_STRIP = NO;
				DEBUG_INFORMATION_FORMAT = dwarf;
				ENABLE_STRICT_OBJC_MSGSEND = YES;
				ENABLE_TESTABILITY = YES;
				GCC_C_LANGUAGE_STANDARD = gnu11;
				GCC_DYNAMIC_NO_PIC = NO;
				GCC_NO_COMMON_BLOCKS = YES;
				GCC_OPTIMIZATION_LEVEL = 0;
				GCC_PREPROCESSOR_DEFINITIONS = (
					"DEBUG=1",
					"$(inherited)",
				);
				GCC_WARN_64_TO_32_BIT_CONVERSION = YES;
				GCC_WARN_ABOUT_RETURN_TYPE = YES_ERROR;
				GCC_WARN_UNDECLARED_SELECTOR = YES;
				GCC_WARN_UNINITIALIZED_AUTOS = YES_AGGRESSIVE;
				GCC_WARN_UNUSED_FUNCTION = YES;
				GCC_WARN_UNUSED_VARIABLE = YES;
				MTL_ENABLE_DEBUG_INFO = INCLUDE_SOURCE;
				MTL_FAST_MATH = YES;
				ONLY_ACTIVE_ARCH = YES;
				SWIFT_ACTIVE_COMPILATION_CONDITIONS = DEBUG;
				SWIFT_OPTIMIZATION_LEVEL = "-Onone";
			};
			name = Debug;
		};
		BFC036F627DCAE530097C274 /* Release */ = {
			isa = XCBuildConfiguration;
			buildSettings = {
				ALWAYS_SEARCH_USER_PATHS = NO;
				CLANG_ANALYZER_NONNULL = YES;
				CLANG_ANALYZER_NUMBER_OBJECT_CONVERSION = YES_AGGRESSIVE;
				CLANG_CXX_LANGUAGE_STANDARD = "gnu++17";
				CLANG_CXX_LIBRARY = "libc++";
				CLANG_ENABLE_MODULES = YES;
				CLANG_ENABLE_OBJC_ARC = YES;
				CLANG_ENABLE_OBJC_WEAK = YES;
				CLANG_WARN_BLOCK_CAPTURE_AUTORELEASING = YES;
				CLANG_WARN_BOOL_CONVERSION = YES;
				CLANG_WARN_COMMA = YES;
				CLANG_WARN_CONSTANT_CONVERSION = YES;
				CLANG_WARN_DEPRECATED_OBJC_IMPLEMENTATIONS = YES;
				CLANG_WARN_DIRECT_OBJC_ISA_USAGE = YES_ERROR;
				CLANG_WARN_DOCUMENTATION_COMMENTS = YES;
				CLANG_WARN_EMPTY_BODY = YES;
				CLANG_WARN_ENUM_CONVERSION = YES;
				CLANG_WARN_INFINITE_RECURSION = YES;
				CLANG_WARN_INT_CONVERSION = YES;
				CLANG_WARN_NON_LITERAL_NULL_CONVERSION = YES;
				CLANG_WARN_OBJC_IMPLICIT_RETAIN_SELF = YES;
				CLANG_WARN_OBJC_LITERAL_CONVERSION = YES;
				CLANG_WARN_OBJC_ROOT_CLASS = YES_ERROR;
				CLANG_WARN_QUOTED_INCLUDE_IN_FRAMEWORK_HEADER = YES;
				CLANG_WARN_RANGE_LOOP_ANALYSIS = YES;
				CLANG_WARN_STRICT_PROTOTYPES = YES;
				CLANG_WARN_SUSPICIOUS_MOVE = YES;
				CLANG_WARN_UNGUARDED_AVAILABILITY = YES_AGGRESSIVE;
				CLANG_WARN_UNREACHABLE_CODE = YES;
				CLANG_WARN__DUPLICATE_METHOD_MATCH = YES;
				COPY_PHASE_STRIP = NO;
				DEBUG_INFORMATION_FORMAT = "dwarf-with-dsym";
				ENABLE_NS_ASSERTIONS = NO;
				ENABLE_STRICT_OBJC_MSGSEND = YES;
				GCC_C_LANGUAGE_STANDARD = gnu11;
				GCC_NO_COMMON_BLOCKS = YES;
				GCC_WARN_64_TO_32_BIT_CONVERSION = YES;
				GCC_WARN_ABOUT_RETURN_TYPE = YES_ERROR;
				GCC_WARN_UNDECLARED_SELECTOR = YES;
				GCC_WARN_UNINITIALIZED_AUTOS = YES_AGGRESSIVE;
				GCC_WARN_UNUSED_FUNCTION = YES;
				GCC_WARN_UNUSED_VARIABLE = YES;
				MTL_ENABLE_DEBUG_INFO = NO;
				MTL_FAST_MATH = YES;
				SWIFT_COMPILATION_MODE = wholemodule;
				SWIFT_OPTIMIZATION_LEVEL = "-O";
			};
			name = Release;
		};
		BFC036F827DCAE530097C274 /* Debug */ = {
			isa = XCBuildConfiguration;
			buildSettings = {
				ASSETCATALOG_COMPILER_APPICON_NAME = AppIcon;
				ASSETCATALOG_COMPILER_GLOBAL_ACCENT_COLOR_NAME = AccentColor;
				CODE_SIGN_STYLE = Automatic;
				CURRENT_PROJECT_VERSION = 87;
				DEVELOPMENT_TEAM = L7XRJ79BCH;
				ENABLE_PREVIEWS = YES;
				GENERATE_INFOPLIST_FILE = YES;
				INFOPLIST_KEY_UIApplicationSceneManifest_Generation = YES;
				INFOPLIST_KEY_UIApplicationSupportsIndirectInputEvents = YES;
				INFOPLIST_KEY_UILaunchScreen_Generation = YES;
				INFOPLIST_KEY_UISupportedInterfaceOrientations_iPad = "UIInterfaceOrientationPortrait UIInterfaceOrientationPortraitUpsideDown UIInterfaceOrientationLandscapeLeft UIInterfaceOrientationLandscapeRight";
				INFOPLIST_KEY_UISupportedInterfaceOrientations_iPhone = "UIInterfaceOrientationPortrait UIInterfaceOrientationLandscapeLeft UIInterfaceOrientationLandscapeRight";
				IPHONEOS_DEPLOYMENT_TARGET = 15.0;
				LD_RUNPATH_SEARCH_PATHS = (
					"$(inherited)",
					"@executable_path/Frameworks",
				);
				MARKETING_VERSION = 0.1;
				PRODUCT_BUNDLE_IDENTIFIER = com.hakubill.iLegym;
				PRODUCT_NAME = iLegym;
				SDKROOT = iphoneos;
				SWIFT_EMIT_LOC_STRINGS = YES;
				SWIFT_VERSION = 5.0;
				TARGETED_DEVICE_FAMILY = "1,2";
			};
			name = Debug;
		};
		BFC036F927DCAE530097C274 /* Release */ = {
			isa = XCBuildConfiguration;
			buildSettings = {
				ASSETCATALOG_COMPILER_APPICON_NAME = AppIcon;
				ASSETCATALOG_COMPILER_GLOBAL_ACCENT_COLOR_NAME = AccentColor;
				CODE_SIGN_STYLE = Automatic;
				CURRENT_PROJECT_VERSION = 87;
				DEVELOPMENT_TEAM = L7XRJ79BCH;
				ENABLE_PREVIEWS = YES;
				GENERATE_INFOPLIST_FILE = YES;
				INFOPLIST_KEY_UIApplicationSceneManifest_Generation = YES;
				INFOPLIST_KEY_UIApplicationSupportsIndirectInputEvents = YES;
				INFOPLIST_KEY_UILaunchScreen_Generation = YES;
				INFOPLIST_KEY_UISupportedInterfaceOrientations_iPad = "UIInterfaceOrientationPortrait UIInterfaceOrientationPortraitUpsideDown UIInterfaceOrientationLandscapeLeft UIInterfaceOrientationLandscapeRight";
				INFOPLIST_KEY_UISupportedInterfaceOrientations_iPhone = "UIInterfaceOrientationPortrait UIInterfaceOrientationLandscapeLeft UIInterfaceOrientationLandscapeRight";
				IPHONEOS_DEPLOYMENT_TARGET = 15.0;
				LD_RUNPATH_SEARCH_PATHS = (
					"$(inherited)",
					"@executable_path/Frameworks",
				);
				MARKETING_VERSION = 0.1;
				PRODUCT_BUNDLE_IDENTIFIER = com.hakubill.iLegym;
				PRODUCT_NAME = iLegym;
				SDKROOT = iphoneos;
				SWIFT_EMIT_LOC_STRINGS = YES;
				SWIFT_VERSION = 5.0;
				TARGETED_DEVICE_FAMILY = "1,2";
				VALIDATE_PRODUCT = YES;
			};
			name = Release;
		};
		BFC036FB27DCAE530097C274 /* Debug */ = {
			isa = XCBuildConfiguration;
			buildSettings = {
				ASSETCATALOG_COMPILER_APPICON_NAME = AppIcon;
				ASSETCATALOG_COMPILER_GLOBAL_ACCENT_COLOR_NAME = AccentColor;
				CODE_SIGN_ENTITLEMENTS = macOS/macOS.entitlements;
				CODE_SIGN_STYLE = Automatic;
				COMBINE_HIDPI_IMAGES = YES;
				CURRENT_PROJECT_VERSION = 87;
				DEVELOPMENT_TEAM = L7XRJ79BCH;
				ENABLE_HARDENED_RUNTIME = YES;
				ENABLE_PREVIEWS = YES;
				GENERATE_INFOPLIST_FILE = YES;
				INFOPLIST_KEY_NSHumanReadableCopyright = "";
				LD_RUNPATH_SEARCH_PATHS = (
					"$(inherited)",
					"@executable_path/../Frameworks",
				);
				MACOSX_DEPLOYMENT_TARGET = 12.0;
				MARKETING_VERSION = 1.0;
				PRODUCT_BUNDLE_IDENTIFIER = com.hakubill.iLegym;
				PRODUCT_NAME = iLegym;
				SDKROOT = macosx;
				SWIFT_EMIT_LOC_STRINGS = YES;
				SWIFT_VERSION = 5.0;
			};
			name = Debug;
		};
		BFC036FC27DCAE530097C274 /* Release */ = {
			isa = XCBuildConfiguration;
			buildSettings = {
				ASSETCATALOG_COMPILER_APPICON_NAME = AppIcon;
				ASSETCATALOG_COMPILER_GLOBAL_ACCENT_COLOR_NAME = AccentColor;
				CODE_SIGN_ENTITLEMENTS = macOS/macOS.entitlements;
				CODE_SIGN_STYLE = Automatic;
				COMBINE_HIDPI_IMAGES = YES;
				CURRENT_PROJECT_VERSION = 87;
				DEVELOPMENT_TEAM = L7XRJ79BCH;
				ENABLE_HARDENED_RUNTIME = YES;
				ENABLE_PREVIEWS = YES;
				GENERATE_INFOPLIST_FILE = YES;
				INFOPLIST_KEY_NSHumanReadableCopyright = "";
				LD_RUNPATH_SEARCH_PATHS = (
					"$(inherited)",
					"@executable_path/../Frameworks",
				);
				MACOSX_DEPLOYMENT_TARGET = 12.0;
				MARKETING_VERSION = 1.0;
				PRODUCT_BUNDLE_IDENTIFIER = com.hakubill.iLegym;
				PRODUCT_NAME = iLegym;
				SDKROOT = macosx;
				SWIFT_EMIT_LOC_STRINGS = YES;
				SWIFT_VERSION = 5.0;
			};
			name = Release;
		};
/* End XCBuildConfiguration section */

/* Begin XCConfigurationList section */
		BFC036DD27DCAE510097C274 /* Build configuration list for PBXProject "iLegym" */ = {
			isa = XCConfigurationList;
			buildConfigurations = (
				BFC036F527DCAE530097C274 /* Debug */,
				BFC036F627DCAE530097C274 /* Release */,
			);
			defaultConfigurationIsVisible = 0;
			defaultConfigurationName = Release;
		};
		BFC036F727DCAE530097C274 /* Build configuration list for PBXNativeTarget "iLegym (iOS)" */ = {
			isa = XCConfigurationList;
			buildConfigurations = (
				BFC036F827DCAE530097C274 /* Debug */,
				BFC036F927DCAE530097C274 /* Release */,
			);
			defaultConfigurationIsVisible = 0;
			defaultConfigurationName = Release;
		};
		BFC036FA27DCAE530097C274 /* Build configuration list for PBXNativeTarget "iLegym (macOS)" */ = {
			isa = XCConfigurationList;
			buildConfigurations = (
				BFC036FB27DCAE530097C274 /* Debug */,
				BFC036FC27DCAE530097C274 /* Release */,
			);
			defaultConfigurationIsVisible = 0;
			defaultConfigurationName = Release;
		};
/* End XCConfigurationList section */
	};
	rootObject = BFC036DA27DCAE510097C274 /* Project object */;
}
